
Microsoft Visual Studio Solution File, Format Version 12.00
# Visual Studio 14
VisualStudioVersion = 14.0.25420.1
MinimumVisualStudioVersion = 10.0.40219.1
Project("{FAE04EC0-301F-11D3-BF4B-00C04F79EFBC}") = "splashScreen", "splashScreen\splashScreen\splashScreen.csproj", "{8D42D7C3-45FD-47E7-B63B-2B2196623D24}"
EndProject
Project("{FAE04EC0-301F-11D3-BF4B-00C04F79EFBC}") = "splashScreen.Droid", "splashScreen\splashScreen.Droid\splashScreen.Droid.csproj", "{60F656C4-1384-4F0A-A34D-7FAA85D567A7}"
EndProject
Project("{FAE04EC0-301F-11D3-BF4B-00C04F79EFBC}") = "splashScreen.iOS", "splashScreen\splashScreen.iOS\splashScreen.iOS.csproj", "{E894B2D2-BC69-40CA-B8BA-269D5303E9D0}"
EndProject
Project("{FAE04EC0-301F-11D3-BF4B-00C04F79EFBC}") = "splashScreen.UWP", "splashScreen\splashScreen.UWP\splashScreen.UWP.csproj", "{73049076-52FA-4A38-AFA3-5D24654026F8}"
EndProject
Project("{FAE04EC0-301F-11D3-BF4B-00C04F79EFBC}") = "CommonView", "CommonView\CommonView.csproj", "{67F9D3A8-F71E-4428-913F-C37AE82CDB24}"
EndProject
Global
	GlobalSection(SolutionConfigurationPlatforms) = preSolution
		Ad-Hoc|Any CPU = Ad-Hoc|Any CPU
		Ad-Hoc|ARM = Ad-Hoc|ARM
		Ad-Hoc|iPhone = Ad-Hoc|iPhone
		Ad-Hoc|iPhoneSimulator = Ad-Hoc|iPhoneSimulator
		Ad-Hoc|x64 = Ad-Hoc|x64
		Ad-Hoc|x86 = Ad-Hoc|x86
		AppStore|Any CPU = AppStore|Any CPU
		AppStore|ARM = AppStore|ARM
		AppStore|iPhone = AppStore|iPhone
		AppStore|iPhoneSimulator = AppStore|iPhoneSimulator
		AppStore|x64 = AppStore|x64
		AppStore|x86 = AppStore|x86
		Debug|Any CPU = Debug|Any CPU
		Debug|ARM = Debug|ARM
		Debug|iPhone = Debug|iPhone
		Debug|iPhoneSimulator = Debug|iPhoneSimulator
		Debug|x64 = Debug|x64
		Debug|x86 = Debug|x86
		Release|Any CPU = Release|Any CPU
		Release|ARM = Release|ARM
		Release|iPhone = Release|iPhone
		Release|iPhoneSimulator = Release|iPhoneSimulator
		Release|x64 = Release|x64
		Release|x86 = Release|x86
	EndGlobalSection
	GlobalSection(ProjectConfigurationPlatforms) = postSolution
		{8D42D7C3-45FD-47E7-B63B-2B2196623D24}.Ad-Hoc|Any CPU.ActiveCfg = Release|Any CPU
		{8D42D7C3-45FD-47E7-B63B-2B2196623D24}.Ad-Hoc|Any CPU.Build.0 = Release|Any CPU
		{8D42D7C3-45FD-47E7-B63B-2B2196623D24}.Ad-Hoc|ARM.ActiveCfg = Release|Any CPU
		{8D42D7C3-45FD-47E7-B63B-2B2196623D24}.Ad-Hoc|ARM.Build.0 = Release|Any CPU
		{8D42D7C3-45FD-47E7-B63B-2B2196623D24}.Ad-Hoc|iPhone.ActiveCfg = Release|Any CPU
		{8D42D7C3-45FD-47E7-B63B-2B2196623D24}.Ad-Hoc|iPhone.Build.0 = Release|Any CPU
		{8D42D7C3-45FD-47E7-B63B-2B2196623D24}.Ad-Hoc|iPhoneSimulator.ActiveCfg = Release|Any CPU
		{8D42D7C3-45FD-47E7-B63B-2B2196623D24}.Ad-Hoc|iPhoneSimulator.Build.0 = Release|Any CPU
		{8D42D7C3-45FD-47E7-B63B-2B2196623D24}.Ad-Hoc|x64.ActiveCfg = Release|Any CPU
		{8D42D7C3-45FD-47E7-B63B-2B2196623D24}.Ad-Hoc|x64.Build.0 = Release|Any CPU
		{8D42D7C3-45FD-47E7-B63B-2B2196623D24}.Ad-Hoc|x86.ActiveCfg = Release|Any CPU
		{8D42D7C3-45FD-47E7-B63B-2B2196623D24}.Ad-Hoc|x86.Build.0 = Release|Any CPU
		{8D42D7C3-45FD-47E7-B63B-2B2196623D24}.AppStore|Any CPU.ActiveCfg = Release|Any CPU
		{8D42D7C3-45FD-47E7-B63B-2B2196623D24}.AppStore|Any CPU.Build.0 = Release|Any CPU
		{8D42D7C3-45FD-47E7-B63B-2B2196623D24}.AppStore|ARM.ActiveCfg = Release|Any CPU
		{8D42D7C3-45FD-47E7-B63B-2B2196623D24}.AppStore|ARM.Build.0 = Release|Any CPU
		{8D42D7C3-45FD-47E7-B63B-2B2196623D24}.AppStore|iPhone.ActiveCfg = Release|Any CPU
		{8D42D7C3-45FD-47E7-B63B-2B2196623D24}.AppStore|iPhone.Build.0 = Release|Any CPU
		{8D42D7C3-45FD-47E7-B63B-2B2196623D24}.AppStore|iPhoneSimulator.ActiveCfg = Release|Any CPU
		{8D42D7C3-45FD-47E7-B63B-2B2196623D24}.AppStore|iPhoneSimulator.Build.0 = Release|Any CPU
		{8D42D7C3-45FD-47E7-B63B-2B2196623D24}.AppStore|x64.ActiveCfg = Release|Any CPU
		{8D42D7C3-45FD-47E7-B63B-2B2196623D24}.AppStore|x64.Build.0 = Release|Any CPU
		{8D42D7C3-45FD-47E7-B63B-2B2196623D24}.AppStore|x86.ActiveCfg = Release|Any CPU
		{8D42D7C3-45FD-47E7-B63B-2B2196623D24}.AppStore|x86.Build.0 = Release|Any CPU
		{8D42D7C3-45FD-47E7-B63B-2B2196623D24}.Debug|Any CPU.ActiveCfg = Debug|Any CPU
		{8D42D7C3-45FD-47E7-B63B-2B2196623D24}.Debug|Any CPU.Build.0 = Debug|Any CPU
		{8D42D7C3-45FD-47E7-B63B-2B2196623D24}.Debug|ARM.ActiveCfg = Debug|Any CPU
		{8D42D7C3-45FD-47E7-B63B-2B2196623D24}.Debug|ARM.Build.0 = Debug|Any CPU
		{8D42D7C3-45FD-47E7-B63B-2B2196623D24}.Debug|iPhone.ActiveCfg = Debug|Any CPU
		{8D42D7C3-45FD-47E7-B63B-2B2196623D24}.Debug|iPhone.Build.0 = Debug|Any CPU
		{8D42D7C3-45FD-47E7-B63B-2B2196623D24}.Debug|iPhoneSimulator.ActiveCfg = Debug|Any CPU
		{8D42D7C3-45FD-47E7-B63B-2B2196623D24}.Debug|iPhoneSimulator.Build.0 = Debug|Any CPU
		{8D42D7C3-45FD-47E7-B63B-2B2196623D24}.Debug|x64.ActiveCfg = Debug|Any CPU
		{8D42D7C3-45FD-47E7-B63B-2B2196623D24}.Debug|x64.Build.0 = Debug|Any CPU
		{8D42D7C3-45FD-47E7-B63B-2B2196623D24}.Debug|x86.ActiveCfg = Debug|Any CPU
		{8D42D7C3-45FD-47E7-B63B-2B2196623D24}.Debug|x86.Build.0 = Debug|Any CPU
		{8D42D7C3-45FD-47E7-B63B-2B2196623D24}.Release|Any CPU.ActiveCfg = Release|Any CPU
		{8D42D7C3-45FD-47E7-B63B-2B2196623D24}.Release|Any CPU.Build.0 = Release|Any CPU
		{8D42D7C3-45FD-47E7-B63B-2B2196623D24}.Release|ARM.ActiveCfg = Release|Any CPU
		{8D42D7C3-45FD-47E7-B63B-2B2196623D24}.Release|ARM.Build.0 = Release|Any CPU
		{8D42D7C3-45FD-47E7-B63B-2B2196623D24}.Release|iPhone.ActiveCfg = Release|Any CPU
		{8D42D7C3-45FD-47E7-B63B-2B2196623D24}.Release|iPhone.Build.0 = Release|Any CPU
		{8D42D7C3-45FD-47E7-B63B-2B2196623D24}.Release|iPhoneSimulator.ActiveCfg = Release|Any CPU
		{8D42D7C3-45FD-47E7-B63B-2B2196623D24}.Release|iPhoneSimulator.Build.0 = Release|Any CPU
		{8D42D7C3-45FD-47E7-B63B-2B2196623D24}.Release|x64.ActiveCfg = Release|Any CPU
		{8D42D7C3-45FD-47E7-B63B-2B2196623D24}.Release|x64.Build.0 = Release|Any CPU
		{8D42D7C3-45FD-47E7-B63B-2B2196623D24}.Release|x86.ActiveCfg = Release|Any CPU
		{8D42D7C3-45FD-47E7-B63B-2B2196623D24}.Release|x86.Build.0 = Release|Any CPU
		{60F656C4-1384-4F0A-A34D-7FAA85D567A7}.Ad-Hoc|Any CPU.ActiveCfg = Release|Any CPU
		{60F656C4-1384-4F0A-A34D-7FAA85D567A7}.Ad-Hoc|Any CPU.Build.0 = Release|Any CPU
		{60F656C4-1384-4F0A-A34D-7FAA85D567A7}.Ad-Hoc|Any CPU.Deploy.0 = Release|Any CPU
		{60F656C4-1384-4F0A-A34D-7FAA85D567A7}.Ad-Hoc|ARM.ActiveCfg = Release|Any CPU
		{60F656C4-1384-4F0A-A34D-7FAA85D567A7}.Ad-Hoc|ARM.Build.0 = Release|Any CPU
		{60F656C4-1384-4F0A-A34D-7FAA85D567A7}.Ad-Hoc|ARM.Deploy.0 = Release|Any CPU
		{60F656C4-1384-4F0A-A34D-7FAA85D567A7}.Ad-Hoc|iPhone.ActiveCfg = Release|Any CPU
		{60F656C4-1384-4F0A-A34D-7FAA85D567A7}.Ad-Hoc|iPhone.Build.0 = Release|Any CPU
		{60F656C4-1384-4F0A-A34D-7FAA85D567A7}.Ad-Hoc|iPhone.Deploy.0 = Release|Any CPU
		{60F656C4-1384-4F0A-A34D-7FAA85D567A7}.Ad-Hoc|iPhoneSimulator.ActiveCfg = Release|Any CPU
		{60F656C4-1384-4F0A-A34D-7FAA85D567A7}.Ad-Hoc|iPhoneSimulator.Build.0 = Release|Any CPU
		{60F656C4-1384-4F0A-A34D-7FAA85D567A7}.Ad-Hoc|iPhoneSimulator.Deploy.0 = Release|Any CPU
		{60F656C4-1384-4F0A-A34D-7FAA85D567A7}.Ad-Hoc|x64.ActiveCfg = Release|Any CPU
		{60F656C4-1384-4F0A-A34D-7FAA85D567A7}.Ad-Hoc|x64.Build.0 = Release|Any CPU
		{60F656C4-1384-4F0A-A34D-7FAA85D567A7}.Ad-Hoc|x64.Deploy.0 = Release|Any CPU
		{60F656C4-1384-4F0A-A34D-7FAA85D567A7}.Ad-Hoc|x86.ActiveCfg = Release|Any CPU
		{60F656C4-1384-4F0A-A34D-7FAA85D567A7}.Ad-Hoc|x86.Build.0 = Release|Any CPU
		{60F656C4-1384-4F0A-A34D-7FAA85D567A7}.Ad-Hoc|x86.Deploy.0 = Release|Any CPU
		{60F656C4-1384-4F0A-A34D-7FAA85D567A7}.AppStore|Any CPU.ActiveCfg = Release|Any CPU
		{60F656C4-1384-4F0A-A34D-7FAA85D567A7}.AppStore|Any CPU.Build.0 = Release|Any CPU
		{60F656C4-1384-4F0A-A34D-7FAA85D567A7}.AppStore|Any CPU.Deploy.0 = Release|Any CPU
		{60F656C4-1384-4F0A-A34D-7FAA85D567A7}.AppStore|ARM.ActiveCfg = Release|Any CPU
		{60F656C4-1384-4F0A-A34D-7FAA85D567A7}.AppStore|ARM.Build.0 = Release|Any CPU
		{60F656C4-1384-4F0A-A34D-7FAA85D567A7}.AppStore|ARM.Deploy.0 = Release|Any CPU
		{60F656C4-1384-4F0A-A34D-7FAA85D567A7}.AppStore|iPhone.ActiveCfg = Release|Any CPU
		{60F656C4-1384-4F0A-A34D-7FAA85D567A7}.AppStore|iPhone.Build.0 = Release|Any CPU
		{60F656C4-1384-4F0A-A34D-7FAA85D567A7}.AppStore|iPhone.Deploy.0 = Release|Any CPU
		{60F656C4-1384-4F0A-A34D-7FAA85D567A7}.AppStore|iPhoneSimulator.ActiveCfg = Release|Any CPU
		{60F656C4-1384-4F0A-A34D-7FAA85D567A7}.AppStore|iPhoneSimulator.Build.0 = Release|Any CPU
		{60F656C4-1384-4F0A-A34D-7FAA85D567A7}.AppStore|iPhoneSimulator.Deploy.0 = Release|Any CPU
		{60F656C4-1384-4F0A-A34D-7FAA85D567A7}.AppStore|x64.ActiveCfg = Release|Any CPU
		{60F656C4-1384-4F0A-A34D-7FAA85D567A7}.AppStore|x64.Build.0 = Release|Any CPU
		{60F656C4-1384-4F0A-A34D-7FAA85D567A7}.AppStore|x64.Deploy.0 = Release|Any CPU
		{60F656C4-1384-4F0A-A34D-7FAA85D567A7}.AppStore|x86.ActiveCfg = Release|Any CPU
		{60F656C4-1384-4F0A-A34D-7FAA85D567A7}.AppStore|x86.Build.0 = Release|Any CPU
		{60F656C4-1384-4F0A-A34D-7FAA85D567A7}.AppStore|x86.Deploy.0 = Release|Any CPU
		{60F656C4-1384-4F0A-A34D-7FAA85D567A7}.Debug|Any CPU.ActiveCfg = Debug|Any CPU
		{60F656C4-1384-4F0A-A34D-7FAA85D567A7}.Debug|Any CPU.Build.0 = Debug|Any CPU
		{60F656C4-1384-4F0A-A34D-7FAA85D567A7}.Debug|Any CPU.Deploy.0 = Debug|Any CPU
		{60F656C4-1384-4F0A-A34D-7FAA85D567A7}.Debug|ARM.ActiveCfg = Debug|Any CPU
		{60F656C4-1384-4F0A-A34D-7FAA85D567A7}.Debug|ARM.Build.0 = Debug|Any CPU
		{60F656C4-1384-4F0A-A34D-7FAA85D567A7}.Debug|ARM.Deploy.0 = Debug|Any CPU
		{60F656C4-1384-4F0A-A34D-7FAA85D567A7}.Debug|iPhone.ActiveCfg = Debug|Any CPU
		{60F656C4-1384-4F0A-A34D-7FAA85D567A7}.Debug|iPhone.Build.0 = Debug|Any CPU
		{60F656C4-1384-4F0A-A34D-7FAA85D567A7}.Debug|iPhone.Deploy.0 = Debug|Any CPU
		{60F656C4-1384-4F0A-A34D-7FAA85D567A7}.Debug|iPhoneSimulator.ActiveCfg = Debug|Any CPU
		{60F656C4-1384-4F0A-A34D-7FAA85D567A7}.Debug|iPhoneSimulator.Build.0 = Debug|Any CPU
		{60F656C4-1384-4F0A-A34D-7FAA85D567A7}.Debug|iPhoneSimulator.Deploy.0 = Debug|Any CPU
		{60F656C4-1384-4F0A-A34D-7FAA85D567A7}.Debug|x64.ActiveCfg = Debug|Any CPU
		{60F656C4-1384-4F0A-A34D-7FAA85D567A7}.Debug|x64.Build.0 = Debug|Any CPU
		{60F656C4-1384-4F0A-A34D-7FAA85D567A7}.Debug|x64.Deploy.0 = Debug|Any CPU
		{60F656C4-1384-4F0A-A34D-7FAA85D567A7}.Debug|x86.ActiveCfg = Debug|Any CPU
		{60F656C4-1384-4F0A-A34D-7FAA85D567A7}.Debug|x86.Build.0 = Debug|Any CPU
		{60F656C4-1384-4F0A-A34D-7FAA85D567A7}.Debug|x86.Deploy.0 = Debug|Any CPU
		{60F656C4-1384-4F0A-A34D-7FAA85D567A7}.Release|Any CPU.ActiveCfg = Release|Any CPU
		{60F656C4-1384-4F0A-A34D-7FAA85D567A7}.Release|Any CPU.Build.0 = Release|Any CPU
		{60F656C4-1384-4F0A-A34D-7FAA85D567A7}.Release|Any CPU.Deploy.0 = Release|Any CPU
		{60F656C4-1384-4F0A-A34D-7FAA85D567A7}.Release|ARM.ActiveCfg = Release|Any CPU
		{60F656C4-1384-4F0A-A34D-7FAA85D567A7}.Release|ARM.Build.0 = Release|Any CPU
		{60F656C4-1384-4F0A-A34D-7FAA85D567A7}.Release|ARM.Deploy.0 = Release|Any CPU
		{60F656C4-1384-4F0A-A34D-7FAA85D567A7}.Release|iPhone.ActiveCfg = Release|Any CPU
		{60F656C4-1384-4F0A-A34D-7FAA85D567A7}.Release|iPhone.Build.0 = Release|Any CPU
		{60F656C4-1384-4F0A-A34D-7FAA85D567A7}.Release|iPhone.Deploy.0 = Release|Any CPU
		{60F656C4-1384-4F0A-A34D-7FAA85D567A7}.Release|iPhoneSimulator.ActiveCfg = Release|Any CPU
		{60F656C4-1384-4F0A-A34D-7FAA85D567A7}.Release|iPhoneSimulator.Build.0 = Release|Any CPU
		{60F656C4-1384-4F0A-A34D-7FAA85D567A7}.Release|iPhoneSimulator.Deploy.0 = Release|Any CPU
		{60F656C4-1384-4F0A-A34D-7FAA85D567A7}.Release|x64.ActiveCfg = Release|Any CPU
		{60F656C4-1384-4F0A-A34D-7FAA85D567A7}.Release|x64.Build.0 = Release|Any CPU
		{60F656C4-1384-4F0A-A34D-7FAA85D567A7}.Release|x64.Deploy.0 = Release|Any CPU
		{60F656C4-1384-4F0A-A34D-7FAA85D567A7}.Release|x86.ActiveCfg = Release|Any CPU
		{60F656C4-1384-4F0A-A34D-7FAA85D567A7}.Release|x86.Build.0 = Release|Any CPU
		{60F656C4-1384-4F0A-A34D-7FAA85D567A7}.Release|x86.Deploy.0 = Release|Any CPU
		{E894B2D2-BC69-40CA-B8BA-269D5303E9D0}.Ad-Hoc|Any CPU.ActiveCfg = Ad-Hoc|iPhone
		{E894B2D2-BC69-40CA-B8BA-269D5303E9D0}.Ad-Hoc|ARM.ActiveCfg = Ad-Hoc|iPhone
		{E894B2D2-BC69-40CA-B8BA-269D5303E9D0}.Ad-Hoc|iPhone.ActiveCfg = Ad-Hoc|iPhone
		{E894B2D2-BC69-40CA-B8BA-269D5303E9D0}.Ad-Hoc|iPhone.Build.0 = Ad-Hoc|iPhone
		{E894B2D2-BC69-40CA-B8BA-269D5303E9D0}.Ad-Hoc|iPhoneSimulator.ActiveCfg = Ad-Hoc|iPhoneSimulator
		{E894B2D2-BC69-40CA-B8BA-269D5303E9D0}.Ad-Hoc|iPhoneSimulator.Build.0 = Ad-Hoc|iPhoneSimulator
		{E894B2D2-BC69-40CA-B8BA-269D5303E9D0}.Ad-Hoc|x64.ActiveCfg = Ad-Hoc|iPhone
		{E894B2D2-BC69-40CA-B8BA-269D5303E9D0}.Ad-Hoc|x86.ActiveCfg = Ad-Hoc|iPhone
		{E894B2D2-BC69-40CA-B8BA-269D5303E9D0}.AppStore|Any CPU.ActiveCfg = AppStore|iPhone
		{E894B2D2-BC69-40CA-B8BA-269D5303E9D0}.AppStore|ARM.ActiveCfg = AppStore|iPhone
		{E894B2D2-BC69-40CA-B8BA-269D5303E9D0}.AppStore|iPhone.ActiveCfg = AppStore|iPhone
		{E894B2D2-BC69-40CA-B8BA-269D5303E9D0}.AppStore|iPhone.Build.0 = AppStore|iPhone
		{E894B2D2-BC69-40CA-B8BA-269D5303E9D0}.AppStore|iPhoneSimulator.ActiveCfg = AppStore|iPhoneSimulator
		{E894B2D2-BC69-40CA-B8BA-269D5303E9D0}.AppStore|iPhoneSimulator.Build.0 = AppStore|iPhoneSimulator
		{E894B2D2-BC69-40CA-B8BA-269D5303E9D0}.AppStore|x64.ActiveCfg = AppStore|iPhone
		{E894B2D2-BC69-40CA-B8BA-269D5303E9D0}.AppStore|x86.ActiveCfg = AppStore|iPhone
		{E894B2D2-BC69-40CA-B8BA-269D5303E9D0}.Debug|Any CPU.ActiveCfg = Debug|iPhone
		{E894B2D2-BC69-40CA-B8BA-269D5303E9D0}.Debug|ARM.ActiveCfg = Debug|iPhone
		{E894B2D2-BC69-40CA-B8BA-269D5303E9D0}.Debug|iPhone.ActiveCfg = Debug|iPhone
		{E894B2D2-BC69-40CA-B8BA-269D5303E9D0}.Debug|iPhone.Build.0 = Debug|iPhone
		{E894B2D2-BC69-40CA-B8BA-269D5303E9D0}.Debug|iPhoneSimulator.ActiveCfg = Debug|iPhoneSimulator
		{E894B2D2-BC69-40CA-B8BA-269D5303E9D0}.Debug|iPhoneSimulator.Build.0 = Debug|iPhoneSimulator
		{E894B2D2-BC69-40CA-B8BA-269D5303E9D0}.Debug|x64.ActiveCfg = Debug|iPhone
		{E894B2D2-BC69-40CA-B8BA-269D5303E9D0}.Debug|x86.ActiveCfg = Debug|iPhone
		{E894B2D2-BC69-40CA-B8BA-269D5303E9D0}.Release|Any CPU.ActiveCfg = Release|iPhone
		{E894B2D2-BC69-40CA-B8BA-269D5303E9D0}.Release|ARM.ActiveCfg = Release|iPhone
		{E894B2D2-BC69-40CA-B8BA-269D5303E9D0}.Release|iPhone.ActiveCfg = Release|iPhone
		{E894B2D2-BC69-40CA-B8BA-269D5303E9D0}.Release|iPhone.Build.0 = Release|iPhone
		{E894B2D2-BC69-40CA-B8BA-269D5303E9D0}.Release|iPhoneSimulator.ActiveCfg = Release|iPhoneSimulator
		{E894B2D2-BC69-40CA-B8BA-269D5303E9D0}.Release|iPhoneSimulator.Build.0 = Release|iPhoneSimulator
		{E894B2D2-BC69-40CA-B8BA-269D5303E9D0}.Release|x64.ActiveCfg = Release|iPhone
		{E894B2D2-BC69-40CA-B8BA-269D5303E9D0}.Release|x86.ActiveCfg = Release|iPhone
		{73049076-52FA-4A38-AFA3-5D24654026F8}.Ad-Hoc|Any CPU.ActiveCfg = Release|x86
		{73049076-52FA-4A38-AFA3-5D24654026F8}.Ad-Hoc|Any CPU.Build.0 = Release|x86
		{73049076-52FA-4A38-AFA3-5D24654026F8}.Ad-Hoc|Any CPU.Deploy.0 = Release|x86
		{73049076-52FA-4A38-AFA3-5D24654026F8}.Ad-Hoc|ARM.ActiveCfg = Release|ARM
		{73049076-52FA-4A38-AFA3-5D24654026F8}.Ad-Hoc|ARM.Build.0 = Release|ARM
		{73049076-52FA-4A38-AFA3-5D24654026F8}.Ad-Hoc|ARM.Deploy.0 = Release|ARM
		{73049076-52FA-4A38-AFA3-5D24654026F8}.Ad-Hoc|iPhone.ActiveCfg = Release|x86
		{73049076-52FA-4A38-AFA3-5D24654026F8}.Ad-Hoc|iPhone.Build.0 = Release|x86
		{73049076-52FA-4A38-AFA3-5D24654026F8}.Ad-Hoc|iPhone.Deploy.0 = Release|x86
		{73049076-52FA-4A38-AFA3-5D24654026F8}.Ad-Hoc|iPhoneSimulator.ActiveCfg = Release|x86
		{73049076-52FA-4A38-AFA3-5D24654026F8}.Ad-Hoc|iPhoneSimulator.Build.0 = Release|x86
		{73049076-52FA-4A38-AFA3-5D24654026F8}.Ad-Hoc|iPhoneSimulator.Deploy.0 = Release|x86
		{73049076-52FA-4A38-AFA3-5D24654026F8}.Ad-Hoc|x64.ActiveCfg = Release|x64
		{73049076-52FA-4A38-AFA3-5D24654026F8}.Ad-Hoc|x64.Build.0 = Release|x64
		{73049076-52FA-4A38-AFA3-5D24654026F8}.Ad-Hoc|x64.Deploy.0 = Release|x64
		{73049076-52FA-4A38-AFA3-5D24654026F8}.Ad-Hoc|x86.ActiveCfg = Release|x86
		{73049076-52FA-4A38-AFA3-5D24654026F8}.Ad-Hoc|x86.Build.0 = Release|x86
		{73049076-52FA-4A38-AFA3-5D24654026F8}.Ad-Hoc|x86.Deploy.0 = Release|x86
		{73049076-52FA-4A38-AFA3-5D24654026F8}.AppStore|Any CPU.ActiveCfg = Release|x86
		{73049076-52FA-4A38-AFA3-5D24654026F8}.AppStore|Any CPU.Build.0 = Release|x86
		{73049076-52FA-4A38-AFA3-5D24654026F8}.AppStore|Any CPU.Deploy.0 = Release|x86
		{73049076-52FA-4A38-AFA3-5D24654026F8}.AppStore|ARM.ActiveCfg = Release|ARM
		{73049076-52FA-4A38-AFA3-5D24654026F8}.AppStore|ARM.Build.0 = Release|ARM
		{73049076-52FA-4A38-AFA3-5D24654026F8}.AppStore|ARM.Deploy.0 = Release|ARM
		{73049076-52FA-4A38-AFA3-5D24654026F8}.AppStore|iPhone.ActiveCfg = Release|x86
		{73049076-52FA-4A38-AFA3-5D24654026F8}.AppStore|iPhone.Build.0 = Release|x86
		{73049076-52FA-4A38-AFA3-5D24654026F8}.AppStore|iPhone.Deploy.0 = Release|x86
		{73049076-52FA-4A38-AFA3-5D24654026F8}.AppStore|iPhoneSimulator.ActiveCfg = Release|x86
		{73049076-52FA-4A38-AFA3-5D24654026F8}.AppStore|iPhoneSimulator.Build.0 = Release|x86
		{73049076-52FA-4A38-AFA3-5D24654026F8}.AppStore|iPhoneSimulator.Deploy.0 = Release|x86
		{73049076-52FA-4A38-AFA3-5D24654026F8}.AppStore|x64.ActiveCfg = Release|x64
		{73049076-52FA-4A38-AFA3-5D24654026F8}.AppStore|x64.Build.0 = Release|x64
		{73049076-52FA-4A38-AFA3-5D24654026F8}.AppStore|x64.Deploy.0 = Release|x64
		{73049076-52FA-4A38-AFA3-5D24654026F8}.AppStore|x86.ActiveCfg = Release|x86
		{73049076-52FA-4A38-AFA3-5D24654026F8}.AppStore|x86.Build.0 = Release|x86
		{73049076-52FA-4A38-AFA3-5D24654026F8}.AppStore|x86.Deploy.0 = Release|x86
		{73049076-52FA-4A38-AFA3-5D24654026F8}.Debug|Any CPU.ActiveCfg = Debug|x86
		{73049076-52FA-4A38-AFA3-5D24654026F8}.Debug|ARM.ActiveCfg = Debug|ARM
		{73049076-52FA-4A38-AFA3-5D24654026F8}.Debug|ARM.Build.0 = Debug|ARM
		{73049076-52FA-4A38-AFA3-5D24654026F8}.Debug|ARM.Deploy.0 = Debug|ARM
		{73049076-52FA-4A38-AFA3-5D24654026F8}.Debug|iPhone.ActiveCfg = Debug|x86
		{73049076-52FA-4A38-AFA3-5D24654026F8}.Debug|iPhoneSimulator.ActiveCfg = Debug|x86
		{73049076-52FA-4A38-AFA3-5D24654026F8}.Debug|x64.ActiveCfg = Debug|x64
		{73049076-52FA-4A38-AFA3-5D24654026F8}.Debug|x64.Build.0 = Debug|x64
		{73049076-52FA-4A38-AFA3-5D24654026F8}.Debug|x64.Deploy.0 = Debug|x64
		{73049076-52FA-4A38-AFA3-5D24654026F8}.Debug|x86.ActiveCfg = Debug|x86
		{73049076-52FA-4A38-AFA3-5D24654026F8}.Debug|x86.Build.0 = Debug|x86
		{73049076-52FA-4A38-AFA3-5D24654026F8}.Debug|x86.Deploy.0 = Debug|x86
		{73049076-52FA-4A38-AFA3-5D24654026F8}.Release|Any CPU.ActiveCfg = Release|x86
		{73049076-52FA-4A38-AFA3-5D24654026F8}.Release|ARM.ActiveCfg = Release|ARM
		{73049076-52FA-4A38-AFA3-5D24654026F8}.Release|ARM.Build.0 = Release|ARM
		{73049076-52FA-4A38-AFA3-5D24654026F8}.Release|ARM.Deploy.0 = Release|ARM
		{73049076-52FA-4A38-AFA3-5D24654026F8}.Release|iPhone.ActiveCfg = Release|x86
		{73049076-52FA-4A38-AFA3-5D24654026F8}.Release|iPhoneSimulator.ActiveCfg = Release|x86
		{73049076-52FA-4A38-AFA3-5D24654026F8}.Release|x64.ActiveCfg = Release|x64
		{73049076-52FA-4A38-AFA3-5D24654026F8}.Release|x64.Build.0 = Release|x64
		{73049076-52FA-4A38-AFA3-5D24654026F8}.Release|x64.Deploy.0 = Release|x64
		{73049076-52FA-4A38-AFA3-5D24654026F8}.Release|x86.ActiveCfg = Release|x86
		{73049076-52FA-4A38-AFA3-5D24654026F8}.Release|x86.Build.0 = Release|x86
		{73049076-52FA-4A38-AFA3-5D24654026F8}.Release|x86.Deploy.0 = Release|x86
		{67F9D3A8-F71E-4428-913F-C37AE82CDB24}.Ad-Hoc|Any CPU.ActiveCfg = Release|Any CPU
		{67F9D3A8-F71E-4428-913F-C37AE82CDB24}.Ad-Hoc|Any CPU.Build.0 = Release|Any CPU
		{67F9D3A8-F71E-4428-913F-C37AE82CDB24}.Ad-Hoc|ARM.ActiveCfg = Release|Any CPU
		{67F9D3A8-F71E-4428-913F-C37AE82CDB24}.Ad-Hoc|ARM.Build.0 = Release|Any CPU
		{67F9D3A8-F71E-4428-913F-C37AE82CDB24}.Ad-Hoc|iPhone.ActiveCfg = Release|Any CPU
		{67F9D3A8-F71E-4428-913F-C37AE82CDB24}.Ad-Hoc|iPhone.Build.0 = Release|Any CPU
		{67F9D3A8-F71E-4428-913F-C37AE82CDB24}.Ad-Hoc|iPhoneSimulator.ActiveCfg = Release|Any CPU
		{67F9D3A8-F71E-4428-913F-C37AE82CDB24}.Ad-Hoc|iPhoneSimulator.Build.0 = Release|Any CPU
		{67F9D3A8-F71E-4428-913F-C37AE82CDB24}.Ad-Hoc|x64.ActiveCfg = Release|Any CPU
		{67F9D3A8-F71E-4428-913F-C37AE82CDB24}.Ad-Hoc|x64.Build.0 = Release|Any CPU
		{67F9D3A8-F71E-4428-913F-C37AE82CDB24}.Ad-Hoc|x86.ActiveCfg = Release|Any CPU
		{67F9D3A8-F71E-4428-913F-C37AE82CDB24}.Ad-Hoc|x86.Build.0 = Release|Any CPU
		{67F9D3A8-F71E-4428-913F-C37AE82CDB24}.AppStore|Any CPU.ActiveCfg = Release|Any CPU
		{67F9D3A8-F71E-4428-913F-C37AE82CDB24}.AppStore|Any CPU.Build.0 = Release|Any CPU
		{67F9D3A8-F71E-4428-913F-C37AE82CDB24}.AppStore|ARM.ActiveCfg = Release|Any CPU
		{67F9D3A8-F71E-4428-913F-C37AE82CDB24}.AppStore|ARM.Build.0 = Release|Any CPU
		{67F9D3A8-F71E-4428-913F-C37AE82CDB24}.AppStore|iPhone.ActiveCfg = Release|Any CPU
		{67F9D3A8-F71E-4428-913F-C37AE82CDB24}.AppStore|iPhone.Build.0 = Release|Any CPU
		{67F9D3A8-F71E-4428-913F-C37AE82CDB24}.AppStore|iPhoneSimulator.ActiveCfg = Release|Any CPU
		{67F9D3A8-F71E-4428-913F-C37AE82CDB24}.AppStore|iPhoneSimulator.Build.0 = Release|Any CPU
		{67F9D3A8-F71E-4428-913F-C37AE82CDB24}.AppStore|x64.ActiveCfg = Release|Any CPU
		{67F9D3A8-F71E-4428-913F-C37AE82CDB24}.AppStore|x64.Build.0 = Release|Any CPU
		{67F9D3A8-F71E-4428-913F-C37AE82CDB24}.AppStore|x86.ActiveCfg = Release|Any CPU
		{67F9D3A8-F71E-4428-913F-C37AE82CDB24}.AppStore|x86.Build.0 = Release|Any CPU
		{67F9D3A8-F71E-4428-913F-C37AE82CDB24}.Debug|Any CPU.ActiveCfg = Debug|Any CPU
		{67F9D3A8-F71E-4428-913F-C37AE82CDB24}.Debug|Any CPU.Build.0 = Debug|Any CPU
		{67F9D3A8-F71E-4428-913F-C37AE82CDB24}.Debug|ARM.ActiveCfg = Debug|Any CPU
		{67F9D3A8-F71E-4428-913F-C37AE82CDB24}.Debug|ARM.Build.0 = Debug|Any CPU
		{67F9D3A8-F71E-4428-913F-C37AE82CDB24}.Debug|iPhone.ActiveCfg = Debug|Any CPU
		{67F9D3A8-F71E-4428-913F-C37AE82CDB24}.Debug|iPhone.Build.0 = Debug|Any CPU
		{67F9D3A8-F71E-4428-913F-C37AE82CDB24}.Debug|iPhoneSimulator.ActiveCfg = Debug|Any CPU
		{67F9D3A8-F71E-4428-913F-C37AE82CDB24}.Debug|iPhoneSimulator.Build.0 = Debug|Any CPU
		{67F9D3A8-F71E-4428-913F-C37AE82CDB24}.Debug|x64.ActiveCfg = Debug|Any CPU
		{67F9D3A8-F71E-4428-913F-C37AE82CDB24}.Debug|x64.Build.0 = Debug|Any CPU
		{67F9D3A8-F71E-4428-913F-C37AE82CDB24}.Debug|x86.ActiveCfg = Debug|Any CPU
		{67F9D3A8-F71E-4428-913F-C37AE82CDB24}.Debug|x86.Build.0 = Debug|Any CPU
		{67F9D3A8-F71E-4428-913F-C37AE82CDB24}.Release|Any CPU.ActiveCfg = Release|Any CPU
		{67F9D3A8-F71E-4428-913F-C37AE82CDB24}.Release|Any CPU.Build.0 = Release|Any CPU
		{67F9D3A8-F71E-4428-913F-C37AE82CDB24}.Release|ARM.ActiveCfg = Release|Any CPU
		{67F9D3A8-F71E-4428-913F-C37AE82CDB24}.Release|ARM.Build.0 = Release|Any CPU
		{67F9D3A8-F71E-4428-913F-C37AE82CDB24}.Release|iPhone.ActiveCfg = Release|Any CPU
		{67F9D3A8-F71E-4428-913F-C37AE82CDB24}.Release|iPhone.Build.0 = Release|Any CPU
		{67F9D3A8-F71E-4428-913F-C37AE82CDB24}.Release|iPhoneSimulator.ActiveCfg = Release|Any CPU
		{67F9D3A8-F71E-4428-913F-C37AE82CDB24}.Release|iPhoneSimulator.Build.0 = Release|Any CPU
		{67F9D3A8-F71E-4428-913F-C37AE82CDB24}.Release|x64.ActiveCfg = Release|Any CPU
		{67F9D3A8-F71E-4428-913F-C37AE82CDB24}.Release|x64.Build.0 = Release|Any CPU
		{67F9D3A8-F71E-4428-913F-C37AE82CDB24}.Release|x86.ActiveCfg = Release|Any CPU
		{67F9D3A8-F71E-4428-913F-C37AE82CDB24}.Release|x86.Build.0 = Release|Any CPU
	EndGlobalSection
	GlobalSection(SolutionProperties) = preSolution
		HideSolutionNode = FALSE
	EndGlobalSection
EndGlobal
